
Microsoft Visual Studio Solution File, Format Version 12.00
# Visual Studio 2013
VisualStudioVersion = 12.0.30501.0
MinimumVisualStudioVersion = 10.0.40219.1
Project("{FAE04EC0-301F-11D3-BF4B-00C04F79EFBC}") = "FilesOrganizer", "FilesOrgenizer\FilesOrganizer.csproj", "{76B7FD8D-1177-47D3-92B5-F68D9AFD597C}"
EndProject
Project("{2150E333-8FDC-42A3-9474-1A3956D46DE8}") = "Solution Items", "Solution Items", "{CB34205D-5A1D-4986-BFBB-59BEE09922E2}"
EndProject
Global
	GlobalSection(SolutionConfigurationPlatforms) = preSolution
		Debug|Any CPU = Debug|Any CPU
		Release|Any CPU = Release|Any CPU
	EndGlobalSection
	GlobalSection(ProjectConfigurationPlatforms) = postSolution
		{76B7FD8D-1177-47D3-92B5-F68D9AFD597C}.Debug|Any CPU.ActiveCfg = Debug|Any CPU
		{76B7FD8D-1177-47D3-92B5-F68D9AFD597C}.Debug|Any CPU.Build.0 = Debug|Any CPU
		{76B7FD8D-1177-47D3-92B5-F68D9AFD597C}.Release|Any CPU.ActiveCfg = Release|Any CPU
		{76B7FD8D-1177-47D3-92B5-F68D9AFD597C}.Release|Any CPU.Build.0 = Release|Any CPU
	EndGlobalSection
	GlobalSection(SolutionProperties) = preSolution
		HideSolutionNode = FALSE
	EndGlobalSection
EndGlobal
